// !$*UTF8*$!
{
	archiveVersion = 1;
	classes = {
	};
	objectVersion = 46;
	objects = {

/* Begin PBXBuildFile section */
		421AAB661CE4FCCB007444CA /* RadioViewController.swift in Sources */ = {isa = PBXBuildFile; fileRef = 421AAB651CE4FCCB007444CA /* RadioViewController.swift */; };
		424BF6CD1CEFB5ED0098BB15 /* StreamPlaybackManager.swift in Sources */ = {isa = PBXBuildFile; fileRef = 424BF6CC1CEFB5ED0098BB15 /* StreamPlaybackManager.swift */; };
		425DD0A51D0D146900F96325 /* Stream+.swift in Sources */ = {isa = PBXBuildFile; fileRef = 425DD0A41D0D146900F96325 /* Stream+.swift */; };
		426CB1A01D054A3F0044B8A7 /* AudioTableViewCell.swift in Sources */ = {isa = PBXBuildFile; fileRef = 426CB19F1D054A3F0044B8A7 /* AudioTableViewCell.swift */; };
		428139F21CE44B7300972264 /* AppDelegate.swift in Sources */ = {isa = PBXBuildFile; fileRef = 428139F11CE44B7300972264 /* AppDelegate.swift */; };
		428139F71CE44B7300972264 /* Main.storyboard in Resources */ = {isa = PBXBuildFile; fileRef = 428139F51CE44B7300972264 /* Main.storyboard */; };
		428139F91CE44B7300972264 /* Assets.xcassets in Resources */ = {isa = PBXBuildFile; fileRef = 428139F81CE44B7300972264 /* Assets.xcassets */; };
		42813A061CE44F9700972264 /* StreamPersistenceManager.swift in Sources */ = {isa = PBXBuildFile; fileRef = 42813A051CE44F9700972264 /* StreamPersistenceManager.swift */; };
		703373A41E28343600E6D458 /* Settings.bundle in Resources */ = {isa = PBXBuildFile; fileRef = 703373A31E28343600E6D458 /* Settings.bundle */; };
		703373AA1E291DF600E6D458 /* WebViewController.swift in Sources */ = {isa = PBXBuildFile; fileRef = 703373A91E291DF600E6D458 /* WebViewController.swift */; };
		7073F3B71E155C05004DBB59 /* AVFoundation.framework in Frameworks */ = {isa = PBXBuildFile; fileRef = 7073F3B61E155C05004DBB59 /* AVFoundation.framework */; settings = {ATTRIBUTES = (Weak, ); }; };
		70D4EC041E304A9B008DE753 /* common.css in Resources */ = {isa = PBXBuildFile; fileRef = 70D4EC031E304A9B008DE753 /* common.css */; };
		70D4EC051E3064EA008DE753 /* LDLARadio.html in Resources */ = {isa = PBXBuildFile; fileRef = 70D4EC071E3064EA008DE753 /* LDLARadio.html */; };
		73D37F61E3762F655B440C11 /* Pods_LDLARadioTests.framework in Frameworks */ = {isa = PBXBuildFile; fileRef = BFA13C1F2122517030A403A2 /* Pods_LDLARadioTests.framework */; };
		9808510922E61E650013B67C /* AudioController.swift in Sources */ = {isa = PBXBuildFile; fileRef = 9808510822E61E650013B67C /* AudioController.swift */; };
		9808510B22E638D90013B67C /* Date+.swift in Sources */ = {isa = PBXBuildFile; fileRef = 9808510A22E638D90013B67C /* Date+.swift */; };
		9808510F22E691F10013B67C /* String+.swift in Sources */ = {isa = PBXBuildFile; fileRef = 9808510E22E691F10013B67C /* String+.swift */; };
		9808511122E69D990013B67C /* BaseController.swift in Sources */ = {isa = PBXBuildFile; fileRef = 9808511022E69D990013B67C /* BaseController.swift */; };
		9808511322E6A1C10013B67C /* BaseAudioViewController.swift in Sources */ = {isa = PBXBuildFile; fileRef = 9808511222E6A1C10013B67C /* BaseAudioViewController.swift */; };
		9808511522E6A7910013B67C /* RadioTimeViewController.swift in Sources */ = {isa = PBXBuildFile; fileRef = 9808511422E6A7910013B67C /* RadioTimeViewController.swift */; };
		9808511B22E6D7040013B67C /* City+.swift in Sources */ = {isa = PBXBuildFile; fileRef = 9808511A22E6D7040013B67C /* City+.swift */; };
		9808511D22E6D7410013B67C /* Station+.swift in Sources */ = {isa = PBXBuildFile; fileRef = 9808511C22E6D7410013B67C /* Station+.swift */; };
		9808511F22E6DA950013B67C /* StreamListManager.swift in Sources */ = {isa = PBXBuildFile; fileRef = 9808511E22E6DA950013B67C /* StreamListManager.swift */; };
		9808512122E6DD370013B67C /* RNADial+.swift in Sources */ = {isa = PBXBuildFile; fileRef = 9808512022E6DD370013B67C /* RNADial+.swift */; };
		9808512322E6DE330013B67C /* RNAViewController.swift in Sources */ = {isa = PBXBuildFile; fileRef = 9808512222E6DE330013B67C /* RNAViewController.swift */; };
		9808512522E6DE520013B67C /* RNAController.swift in Sources */ = {isa = PBXBuildFile; fileRef = 9808512422E6DE520013B67C /* RNAController.swift */; };
		9808512722E6E6640013B67C /* RNAStation+.swift in Sources */ = {isa = PBXBuildFile; fileRef = 9808512622E6E6640013B67C /* RNAStation+.swift */; };
		9808512922E7513F0013B67C /* RNACurrentProgram+.swift in Sources */ = {isa = PBXBuildFile; fileRef = 9808512822E7513F0013B67C /* RNACurrentProgram+.swift */; };
		9808512B22E782C40013B67C /* RNABand+.swift in Sources */ = {isa = PBXBuildFile; fileRef = 9808512A22E782C40013B67C /* RNABand+.swift */; };
		9808512D22E7A2DD0013B67C /* RNAProgram+.swift in Sources */ = {isa = PBXBuildFile; fileRef = 9808512C22E7A2DD0013B67C /* RNAProgram+.swift */; };
		98195FA122D81B2D006E7961 /* fontawesome-webfont.ttf in Resources */ = {isa = PBXBuildFile; fileRef = 98195FA022D81B2D006E7961 /* fontawesome-webfont.ttf */; };
		98195FA322D81B55006E7961 /* Commons.swift in Sources */ = {isa = PBXBuildFile; fileRef = 98195FA222D81B55006E7961 /* Commons.swift */; };
		98195FA922D83664006E7961 /* Quote+.swift in Sources */ = {isa = PBXBuildFile; fileRef = 98195FA822D83664006E7961 /* Quote+.swift */; };
		98195FAB22D845C2006E7961 /* quotes2.json in Resources */ = {isa = PBXBuildFile; fileRef = 98195FAA22D845C2006E7961 /* quotes2.json */; };
		98195FAF22D9F142006E7961 /* CatalogTableViewCell.swift in Sources */ = {isa = PBXBuildFile; fileRef = 98195FAE22D9F142006E7961 /* CatalogTableViewCell.swift */; };
		98195FB122D9F1FD006E7961 /* CatalogViewModel.swift in Sources */ = {isa = PBXBuildFile; fileRef = 98195FB022D9F1FD006E7961 /* CatalogViewModel.swift */; };
		98195FB322DA2F53006E7961 /* RTCatalog+.swift in Sources */ = {isa = PBXBuildFile; fileRef = 98195FB222DA2F53006E7961 /* RTCatalog+.swift */; };
		98195FB522DA658D006E7961 /* RTCatalogController.swift in Sources */ = {isa = PBXBuildFile; fileRef = 98195FB422DA658D006E7961 /* RTCatalogController.swift */; };
		98195FB722DB7C21006E7961 /* RTCatalogTests.swift in Sources */ = {isa = PBXBuildFile; fileRef = 98195FB622DB7C21006E7961 /* RTCatalogTests.swift */; };
		98195FBA22DB85F4006E7961 /* RestApi.swift in Sources */ = {isa = PBXBuildFile; fileRef = 987DA0B622D6465600F34BD3 /* RestApi.swift */; };
		98195FBB22DBB944006E7961 /* RestApi.swift in Sources */ = {isa = PBXBuildFile; fileRef = 987DA0B622D6465600F34BD3 /* RestApi.swift */; };
		98195FBD22DBFBFE006E7961 /* BaseTests.swift in Sources */ = {isa = PBXBuildFile; fileRef = 98195FBC22DBFBFE006E7961 /* BaseTests.swift */; };
		9824386A22DCFD6400B418F9 /* AudioViewModel.swift in Sources */ = {isa = PBXBuildFile; fileRef = 9824386922DCFD6400B418F9 /* AudioViewModel.swift */; };
		987DA0B222D639BD00F34BD3 /* LDLARadio.xcdatamodeld in Sources */ = {isa = PBXBuildFile; fileRef = 987DA0B022D639BD00F34BD3 /* LDLARadio.xcdatamodeld */; };
		987DA0B322D6464500F34BD3 /* CityListManager.swift in Sources */ = {isa = PBXBuildFile; fileRef = 703373A71E284C1800E6D458 /* CityListManager.swift */; };
		987DA0B422D6464800F34BD3 /* StationListManager.swift in Sources */ = {isa = PBXBuildFile; fileRef = 708AAD9F1E27B586004D88C3 /* StationListManager.swift */; };
		987DA0BF22D663E700F34BD3 /* LDLARadioTests.swift in Sources */ = {isa = PBXBuildFile; fileRef = 987DA0BE22D663E700F34BD3 /* LDLARadioTests.swift */; };
		987DA0C622D664E400F34BD3 /* LDLARadio.xcdatamodeld in Sources */ = {isa = PBXBuildFile; fileRef = 987DA0B022D639BD00F34BD3 /* LDLARadio.xcdatamodeld */; };
		98C7DD7B22DD65050025B437 /* RTCatalog+.swift in Sources */ = {isa = PBXBuildFile; fileRef = 98195FB222DA2F53006E7961 /* RTCatalog+.swift */; };
		98C7DD7D22DDEC030025B437 /* RNATests.swift in Sources */ = {isa = PBXBuildFile; fileRef = 98C7DD7C22DDEC030025B437 /* RNATests.swift */; };
		98C7DD7F22DFBAC40025B437 /* CatalogTableViewModel.swift in Sources */ = {isa = PBXBuildFile; fileRef = 98C7DD7E22DFBAC40025B437 /* CatalogTableViewModel.swift */; };
		DA30B3785768509648E1BFF1 /* Pods_LDLARadio.framework in Frameworks */ = {isa = PBXBuildFile; fileRef = EB8E2A20860A4CCF53C0AD68 /* Pods_LDLARadio.framework */; };
/* End PBXBuildFile section */

/* Begin PBXContainerItemProxy section */
		987DA0C122D663E700F34BD3 /* PBXContainerItemProxy */ = {
			isa = PBXContainerItemProxy;
			containerPortal = 428139E61CE44B7300972264 /* Project object */;
			proxyType = 1;
			remoteGlobalIDString = 428139ED1CE44B7300972264;
			remoteInfo = LDLARadio;
		};
/* End PBXContainerItemProxy section */

/* Begin PBXFileReference section */
		0FE7D9B5057B5AF2DC72259D /* Pods-LDLARadioTests.debug.xcconfig */ = {isa = PBXFileReference; includeInIndex = 1; lastKnownFileType = text.xcconfig; name = "Pods-LDLARadioTests.debug.xcconfig"; path = "Pods/Target Support Files/Pods-LDLARadioTests/Pods-LDLARadioTests.debug.xcconfig"; sourceTree = "<group>"; };
		41A5E03699C4A53519AD1FFC /* Pods-LDLARadioTests.release.xcconfig */ = {isa = PBXFileReference; includeInIndex = 1; lastKnownFileType = text.xcconfig; name = "Pods-LDLARadioTests.release.xcconfig"; path = "Pods/Target Support Files/Pods-LDLARadioTests/Pods-LDLARadioTests.release.xcconfig"; sourceTree = "<group>"; };
		421AAB651CE4FCCB007444CA /* RadioViewController.swift */ = {isa = PBXFileReference; fileEncoding = 4; lastKnownFileType = sourcecode.swift; lineEnding = 0; path = RadioViewController.swift; sourceTree = "<group>"; xcLanguageSpecificationIdentifier = xcode.lang.swift; };
		424BF6CC1CEFB5ED0098BB15 /* StreamPlaybackManager.swift */ = {isa = PBXFileReference; fileEncoding = 4; lastKnownFileType = sourcecode.swift; lineEnding = 0; path = StreamPlaybackManager.swift; sourceTree = "<group>"; xcLanguageSpecificationIdentifier = xcode.lang.swift; };
		42554D4B1D09EEDC0040BD4F /* README.md */ = {isa = PBXFileReference; lastKnownFileType = net.daringfireball.markdown; path = README.md; sourceTree = "<group>"; };
		425DD0A41D0D146900F96325 /* Stream+.swift */ = {isa = PBXFileReference; fileEncoding = 4; lastKnownFileType = sourcecode.swift; path = "Stream+.swift"; sourceTree = "<group>"; };
		426CB19F1D054A3F0044B8A7 /* AudioTableViewCell.swift */ = {isa = PBXFileReference; fileEncoding = 4; lastKnownFileType = sourcecode.swift; lineEnding = 0; path = AudioTableViewCell.swift; sourceTree = "<group>"; xcLanguageSpecificationIdentifier = xcode.lang.swift; };
		428139EE1CE44B7300972264 /* LDLARadio.app */ = {isa = PBXFileReference; explicitFileType = wrapper.application; includeInIndex = 0; path = LDLARadio.app; sourceTree = BUILT_PRODUCTS_DIR; };
		428139F11CE44B7300972264 /* AppDelegate.swift */ = {isa = PBXFileReference; lastKnownFileType = sourcecode.swift; path = AppDelegate.swift; sourceTree = "<group>"; };
		428139F61CE44B7300972264 /* Base */ = {isa = PBXFileReference; lastKnownFileType = file.storyboard; name = Base; path = Base.lproj/Main.storyboard; sourceTree = "<group>"; };
		428139F81CE44B7300972264 /* Assets.xcassets */ = {isa = PBXFileReference; lastKnownFileType = folder.assetcatalog; path = Assets.xcassets; sourceTree = "<group>"; };
		428139FD1CE44B7300972264 /* Info.plist */ = {isa = PBXFileReference; lastKnownFileType = text.plist.xml; path = Info.plist; sourceTree = "<group>"; };
		42813A051CE44F9700972264 /* StreamPersistenceManager.swift */ = {isa = PBXFileReference; fileEncoding = 4; lastKnownFileType = sourcecode.swift; lineEnding = 0; path = StreamPersistenceManager.swift; sourceTree = "<group>"; xcLanguageSpecificationIdentifier = xcode.lang.swift; };
		47F749A1AD4E4959FB881877 /* Pods-LDLARadio.debug.xcconfig */ = {isa = PBXFileReference; includeInIndex = 1; lastKnownFileType = text.xcconfig; name = "Pods-LDLARadio.debug.xcconfig"; path = "Pods/Target Support Files/Pods-LDLARadio/Pods-LDLARadio.debug.xcconfig"; sourceTree = "<group>"; };
		703373A31E28343600E6D458 /* Settings.bundle */ = {isa = PBXFileReference; lastKnownFileType = "wrapper.plug-in"; path = Settings.bundle; sourceTree = "<group>"; };
		703373A71E284C1800E6D458 /* CityListManager.swift */ = {isa = PBXFileReference; fileEncoding = 4; lastKnownFileType = sourcecode.swift; path = CityListManager.swift; sourceTree = "<group>"; };
		703373A91E291DF600E6D458 /* WebViewController.swift */ = {isa = PBXFileReference; fileEncoding = 4; lastKnownFileType = sourcecode.swift; path = WebViewController.swift; sourceTree = "<group>"; };
		7073F3B61E155C05004DBB59 /* AVFoundation.framework */ = {isa = PBXFileReference; lastKnownFileType = wrapper.framework; name = AVFoundation.framework; path = System/Library/Frameworks/AVFoundation.framework; sourceTree = SDKROOT; };
		708AAD9F1E27B586004D88C3 /* StationListManager.swift */ = {isa = PBXFileReference; fileEncoding = 4; lastKnownFileType = sourcecode.swift; path = StationListManager.swift; sourceTree = "<group>"; };
		70D4EC031E304A9B008DE753 /* common.css */ = {isa = PBXFileReference; fileEncoding = 4; lastKnownFileType = text.css; path = common.css; sourceTree = "<group>"; };
		7A6DA202209754560004126A /* en */ = {isa = PBXFileReference; lastKnownFileType = text.html; name = en; path = en.lproj/LDLARadio.html; sourceTree = "<group>"; };
		7EAAF7AFF51F030A534694AA /* Pods-LDLARadio.release.xcconfig */ = {isa = PBXFileReference; includeInIndex = 1; lastKnownFileType = text.xcconfig; name = "Pods-LDLARadio.release.xcconfig"; path = "Pods/Target Support Files/Pods-LDLARadio/Pods-LDLARadio.release.xcconfig"; sourceTree = "<group>"; };
		9808510822E61E650013B67C /* AudioController.swift */ = {isa = PBXFileReference; lastKnownFileType = sourcecode.swift; path = AudioController.swift; sourceTree = "<group>"; };
		9808510A22E638D90013B67C /* Date+.swift */ = {isa = PBXFileReference; lastKnownFileType = sourcecode.swift; path = "Date+.swift"; sourceTree = "<group>"; };
		9808510E22E691F10013B67C /* String+.swift */ = {isa = PBXFileReference; lastKnownFileType = sourcecode.swift; path = "String+.swift"; sourceTree = "<group>"; };
		9808511022E69D990013B67C /* BaseController.swift */ = {isa = PBXFileReference; lastKnownFileType = sourcecode.swift; path = BaseController.swift; sourceTree = "<group>"; };
		9808511222E6A1C10013B67C /* BaseAudioViewController.swift */ = {isa = PBXFileReference; lastKnownFileType = sourcecode.swift; path = BaseAudioViewController.swift; sourceTree = "<group>"; };
		9808511422E6A7910013B67C /* RadioTimeViewController.swift */ = {isa = PBXFileReference; lastKnownFileType = sourcecode.swift; path = RadioTimeViewController.swift; sourceTree = "<group>"; };
		9808511A22E6D7040013B67C /* City+.swift */ = {isa = PBXFileReference; lastKnownFileType = sourcecode.swift; path = "City+.swift"; sourceTree = "<group>"; };
		9808511C22E6D7410013B67C /* Station+.swift */ = {isa = PBXFileReference; lastKnownFileType = sourcecode.swift; path = "Station+.swift"; sourceTree = "<group>"; };
		9808511E22E6DA950013B67C /* StreamListManager.swift */ = {isa = PBXFileReference; fileEncoding = 4; lastKnownFileType = sourcecode.swift; path = StreamListManager.swift; sourceTree = "<group>"; };
		9808512022E6DD370013B67C /* RNADial+.swift */ = {isa = PBXFileReference; lastKnownFileType = sourcecode.swift; path = "RNADial+.swift"; sourceTree = "<group>"; };
		9808512222E6DE330013B67C /* RNAViewController.swift */ = {isa = PBXFileReference; lastKnownFileType = sourcecode.swift; path = RNAViewController.swift; sourceTree = "<group>"; };
		9808512422E6DE520013B67C /* RNAController.swift */ = {isa = PBXFileReference; lastKnownFileType = sourcecode.swift; path = RNAController.swift; sourceTree = "<group>"; };
		9808512622E6E6640013B67C /* RNAStation+.swift */ = {isa = PBXFileReference; lastKnownFileType = sourcecode.swift; path = "RNAStation+.swift"; sourceTree = "<group>"; };
		9808512822E7513F0013B67C /* RNACurrentProgram+.swift */ = {isa = PBXFileReference; lastKnownFileType = sourcecode.swift; path = "RNACurrentProgram+.swift"; sourceTree = "<group>"; };
		9808512A22E782C40013B67C /* RNABand+.swift */ = {isa = PBXFileReference; lastKnownFileType = sourcecode.swift; path = "RNABand+.swift"; sourceTree = "<group>"; };
		9808512C22E7A2DD0013B67C /* RNAProgram+.swift */ = {isa = PBXFileReference; lastKnownFileType = sourcecode.swift; path = "RNAProgram+.swift"; sourceTree = "<group>"; };
		98195FA022D81B2D006E7961 /* fontawesome-webfont.ttf */ = {isa = PBXFileReference; lastKnownFileType = file; path = "fontawesome-webfont.ttf"; sourceTree = "<group>"; };
		98195FA222D81B55006E7961 /* Commons.swift */ = {isa = PBXFileReference; lastKnownFileType = sourcecode.swift; path = Commons.swift; sourceTree = "<group>"; };
		98195FA822D83664006E7961 /* Quote+.swift */ = {isa = PBXFileReference; lastKnownFileType = sourcecode.swift; path = "Quote+.swift"; sourceTree = "<group>"; };
		98195FAA22D845C2006E7961 /* quotes2.json */ = {isa = PBXFileReference; lastKnownFileType = text.json; path = quotes2.json; sourceTree = "<group>"; };
		98195FAE22D9F142006E7961 /* CatalogTableViewCell.swift */ = {isa = PBXFileReference; lastKnownFileType = sourcecode.swift; path = CatalogTableViewCell.swift; sourceTree = "<group>"; };
		98195FB022D9F1FD006E7961 /* CatalogViewModel.swift */ = {isa = PBXFileReference; lastKnownFileType = sourcecode.swift; path = CatalogViewModel.swift; sourceTree = "<group>"; };
		98195FB222DA2F53006E7961 /* RTCatalog+.swift */ = {isa = PBXFileReference; lastKnownFileType = sourcecode.swift; path = "RTCatalog+.swift"; sourceTree = "<group>"; };
		98195FB422DA658D006E7961 /* RTCatalogController.swift */ = {isa = PBXFileReference; lastKnownFileType = sourcecode.swift; path = RTCatalogController.swift; sourceTree = "<group>"; };
		98195FB622DB7C21006E7961 /* RTCatalogTests.swift */ = {isa = PBXFileReference; lastKnownFileType = sourcecode.swift; path = RTCatalogTests.swift; sourceTree = "<group>"; };
		98195FBC22DBFBFE006E7961 /* BaseTests.swift */ = {isa = PBXFileReference; lastKnownFileType = sourcecode.swift; path = BaseTests.swift; sourceTree = "<group>"; };
		9824386922DCFD6400B418F9 /* AudioViewModel.swift */ = {isa = PBXFileReference; lastKnownFileType = sourcecode.swift; path = AudioViewModel.swift; sourceTree = "<group>"; };
		987DA0B122D639BD00F34BD3 /* Model.xcdatamodel */ = {isa = PBXFileReference; lastKnownFileType = wrapper.xcdatamodel; path = Model.xcdatamodel; sourceTree = "<group>"; };
		987DA0B622D6465600F34BD3 /* RestApi.swift */ = {isa = PBXFileReference; lastKnownFileType = sourcecode.swift; path = RestApi.swift; sourceTree = "<group>"; };
		987DA0BC22D663E700F34BD3 /* LDLARadioTests.xctest */ = {isa = PBXFileReference; explicitFileType = wrapper.cfbundle; includeInIndex = 0; path = LDLARadioTests.xctest; sourceTree = BUILT_PRODUCTS_DIR; };
		987DA0BE22D663E700F34BD3 /* LDLARadioTests.swift */ = {isa = PBXFileReference; lastKnownFileType = sourcecode.swift; path = LDLARadioTests.swift; sourceTree = "<group>"; };
		987DA0C022D663E700F34BD3 /* Info.plist */ = {isa = PBXFileReference; lastKnownFileType = text.plist.xml; path = Info.plist; sourceTree = "<group>"; };
		98C7DD7C22DDEC030025B437 /* RNATests.swift */ = {isa = PBXFileReference; lastKnownFileType = sourcecode.swift; path = RNATests.swift; sourceTree = "<group>"; };
		98C7DD7E22DFBAC40025B437 /* CatalogTableViewModel.swift */ = {isa = PBXFileReference; lastKnownFileType = sourcecode.swift; path = CatalogTableViewModel.swift; sourceTree = "<group>"; };
		BFA13C1F2122517030A403A2 /* Pods_LDLARadioTests.framework */ = {isa = PBXFileReference; explicitFileType = wrapper.framework; includeInIndex = 0; path = Pods_LDLARadioTests.framework; sourceTree = BUILT_PRODUCTS_DIR; };
		EB8E2A20860A4CCF53C0AD68 /* Pods_LDLARadio.framework */ = {isa = PBXFileReference; explicitFileType = wrapper.framework; includeInIndex = 0; path = Pods_LDLARadio.framework; sourceTree = BUILT_PRODUCTS_DIR; };
/* End PBXFileReference section */

/* Begin PBXFrameworksBuildPhase section */
		428139EB1CE44B7300972264 /* Frameworks */ = {
			isa = PBXFrameworksBuildPhase;
			buildActionMask = 2147483647;
			files = (
				7073F3B71E155C05004DBB59 /* AVFoundation.framework in Frameworks */,
				DA30B3785768509648E1BFF1 /* Pods_LDLARadio.framework in Frameworks */,
			);
			runOnlyForDeploymentPostprocessing = 0;
		};
		987DA0B922D663E700F34BD3 /* Frameworks */ = {
			isa = PBXFrameworksBuildPhase;
			buildActionMask = 2147483647;
			files = (
				73D37F61E3762F655B440C11 /* Pods_LDLARadioTests.framework in Frameworks */,
			);
			runOnlyForDeploymentPostprocessing = 0;
		};
/* End PBXFrameworksBuildPhase section */

/* Begin PBXGroup section */
		425DD0A11D0CF18200F96325 /* Model */ = {
			isa = PBXGroup;
			children = (
				987DA0B022D639BD00F34BD3 /* LDLARadio.xcdatamodeld */,
				425DD0A41D0D146900F96325 /* Stream+.swift */,
				98195FA822D83664006E7961 /* Quote+.swift */,
				98195FB222DA2F53006E7961 /* RTCatalog+.swift */,
				9808511A22E6D7040013B67C /* City+.swift */,
				9808512022E6DD370013B67C /* RNADial+.swift */,
				9808512622E6E6640013B67C /* RNAStation+.swift */,
				9808512822E7513F0013B67C /* RNACurrentProgram+.swift */,
				9808512C22E7A2DD0013B67C /* RNAProgram+.swift */,
				9808512A22E782C40013B67C /* RNABand+.swift */,
				9808511C22E6D7410013B67C /* Station+.swift */,
				9808510A22E638D90013B67C /* Date+.swift */,
				9808510E22E691F10013B67C /* String+.swift */,
			);
			path = Model;
			sourceTree = "<group>";
		};
		428139E51CE44B7300972264 = {
			isa = PBXGroup;
			children = (
				42554D4B1D09EEDC0040BD4F /* README.md */,
				428139F01CE44B7300972264 /* LDLARadio */,
				987DA0BD22D663E700F34BD3 /* LDLARadioTests */,
				428139EF1CE44B7300972264 /* Products */,
				7073F3B51E155C05004DBB59 /* Frameworks */,
				F055EE4825577AFE56B94110 /* Pods */,
			);
			sourceTree = "<group>";
		};
		428139EF1CE44B7300972264 /* Products */ = {
			isa = PBXGroup;
			children = (
				428139EE1CE44B7300972264 /* LDLARadio.app */,
				987DA0BC22D663E700F34BD3 /* LDLARadioTests.xctest */,
			);
			name = Products;
			sourceTree = "<group>";
		};
		428139F01CE44B7300972264 /* LDLARadio */ = {
			isa = PBXGroup;
			children = (
				428139F81CE44B7300972264 /* Assets.xcassets */,
				428139FD1CE44B7300972264 /* Info.plist */,
				9808512F22E8B2730013B67C /* Main */,
				4285E1701CF5623E0080B60C /* Managers */,
				9808513222E8DF2B0013B67C /* MVC-MVVM */,
				9824386E22DD1A0A00B418F9 /* Resources */,
			);
			path = LDLARadio;
			sourceTree = "<group>";
		};
		4285E1701CF5623E0080B60C /* Managers */ = {
			isa = PBXGroup;
			children = (
				42813A051CE44F9700972264 /* StreamPersistenceManager.swift */,
				424BF6CC1CEFB5ED0098BB15 /* StreamPlaybackManager.swift */,
				987DA0B622D6465600F34BD3 /* RestApi.swift */,
				9808511E22E6DA950013B67C /* StreamListManager.swift */,
				708AAD9F1E27B586004D88C3 /* StationListManager.swift */,
				703373A71E284C1800E6D458 /* CityListManager.swift */,
			);
			path = Managers;
			sourceTree = "<group>";
		};
		7073F3B51E155C05004DBB59 /* Frameworks */ = {
			isa = PBXGroup;
			children = (
				7073F3B61E155C05004DBB59 /* AVFoundation.framework */,
				EB8E2A20860A4CCF53C0AD68 /* Pods_LDLARadio.framework */,
				BFA13C1F2122517030A403A2 /* Pods_LDLARadioTests.framework */,
			);
			name = Frameworks;
			sourceTree = "<group>";
		};
		9808512F22E8B2730013B67C /* Main */ = {
			isa = PBXGroup;
			children = (
				428139F11CE44B7300972264 /* AppDelegate.swift */,
				98195FA222D81B55006E7961 /* Commons.swift */,
			);
			path = Main;
			sourceTree = "<group>";
		};
		9808513122E8DEE50013B67C /* Cells */ = {
			isa = PBXGroup;
			children = (
				426CB19F1D054A3F0044B8A7 /* AudioTableViewCell.swift */,
				98195FAE22D9F142006E7961 /* CatalogTableViewCell.swift */,
			);
			path = Cells;
			sourceTree = "<group>";
		};
		9808513222E8DF2B0013B67C /* MVC-MVVM */ = {
			isa = PBXGroup;
			children = (
				425DD0A11D0CF18200F96325 /* Model */,
				9824386B22DD189200B418F9 /* ViewModel */,
				9808513122E8DEE50013B67C /* Cells */,
				9824386C22DD18CE00B418F9 /* Views */,
				9824386D22DD18DF00B418F9 /* Controllers */,
			);
			path = "MVC-MVVM";
			sourceTree = "<group>";
		};
		9824386B22DD189200B418F9 /* ViewModel */ = {
			isa = PBXGroup;
			children = (
				98C7DD7E22DFBAC40025B437 /* CatalogTableViewModel.swift */,
				98195FB022D9F1FD006E7961 /* CatalogViewModel.swift */,
				9824386922DCFD6400B418F9 /* AudioViewModel.swift */,
			);
			path = ViewModel;
			sourceTree = "<group>";
		};
		9824386C22DD18CE00B418F9 /* Views */ = {
			isa = PBXGroup;
			children = (
				428139F51CE44B7300972264 /* Main.storyboard */,
				9808511222E6A1C10013B67C /* BaseAudioViewController.swift */,
				421AAB651CE4FCCB007444CA /* RadioViewController.swift */,
				9808511422E6A7910013B67C /* RadioTimeViewController.swift */,
				9808512222E6DE330013B67C /* RNAViewController.swift */,
				703373A91E291DF600E6D458 /* WebViewController.swift */,
			);
			path = Views;
			sourceTree = "<group>";
		};
		9824386D22DD18DF00B418F9 /* Controllers */ = {
			isa = PBXGroup;
			children = (
				9808511022E69D990013B67C /* BaseController.swift */,
				98195FB422DA658D006E7961 /* RTCatalogController.swift */,
				9808510822E61E650013B67C /* AudioController.swift */,
				9808512422E6DE520013B67C /* RNAController.swift */,
			);
			path = Controllers;
			sourceTree = "<group>";
		};
		9824386E22DD1A0A00B418F9 /* Resources */ = {
			isa = PBXGroup;
			children = (
				70D4EC031E304A9B008DE753 /* common.css */,
				98195FA022D81B2D006E7961 /* fontawesome-webfont.ttf */,
				98195FAA22D845C2006E7961 /* quotes2.json */,
				70D4EC071E3064EA008DE753 /* LDLARadio.html */,
				703373A31E28343600E6D458 /* Settings.bundle */,
			);
			path = Resources;
			sourceTree = "<group>";
		};
		987DA0BD22D663E700F34BD3 /* LDLARadioTests */ = {
			isa = PBXGroup;
			children = (
				98195FBC22DBFBFE006E7961 /* BaseTests.swift */,
				987DA0BE22D663E700F34BD3 /* LDLARadioTests.swift */,
				98195FB622DB7C21006E7961 /* RTCatalogTests.swift */,
				98C7DD7C22DDEC030025B437 /* RNATests.swift */,
				987DA0C022D663E700F34BD3 /* Info.plist */,
			);
			path = LDLARadioTests;
			sourceTree = "<group>";
		};
		F055EE4825577AFE56B94110 /* Pods */ = {
			isa = PBXGroup;
			children = (
				47F749A1AD4E4959FB881877 /* Pods-LDLARadio.debug.xcconfig */,
				7EAAF7AFF51F030A534694AA /* Pods-LDLARadio.release.xcconfig */,
				0FE7D9B5057B5AF2DC72259D /* Pods-LDLARadioTests.debug.xcconfig */,
				41A5E03699C4A53519AD1FFC /* Pods-LDLARadioTests.release.xcconfig */,
			);
			name = Pods;
			sourceTree = "<group>";
		};
/* End PBXGroup section */

/* Begin PBXNativeTarget section */
		428139ED1CE44B7300972264 /* LDLARadio */ = {
			isa = PBXNativeTarget;
			buildConfigurationList = 42813A001CE44B7300972264 /* Build configuration list for PBXNativeTarget "LDLARadio" */;
			buildPhases = (
				7E4195A1384A60A4C5463141 /* [CP] Check Pods Manifest.lock */,
				428139EA1CE44B7300972264 /* Sources */,
				428139EB1CE44B7300972264 /* Frameworks */,
				428139EC1CE44B7300972264 /* Resources */,
				6CE87B9F3FBDAB5D9DC48DC1 /* [CP] Embed Pods Frameworks */,
			);
			buildRules = (
			);
			dependencies = (
			);
			name = LDLARadio;
			productName = LDLARadio;
			productReference = 428139EE1CE44B7300972264 /* LDLARadio.app */;
			productType = "com.apple.product-type.application";
		};
		987DA0BB22D663E700F34BD3 /* LDLARadioTests */ = {
			isa = PBXNativeTarget;
			buildConfigurationList = 987DA0C322D663E700F34BD3 /* Build configuration list for PBXNativeTarget "LDLARadioTests" */;
			buildPhases = (
				1D70034A3E68E4E79F1A80B7 /* [CP] Check Pods Manifest.lock */,
				987DA0B822D663E700F34BD3 /* Sources */,
				987DA0B922D663E700F34BD3 /* Frameworks */,
				987DA0BA22D663E700F34BD3 /* Resources */,
				CDAA705B651B01B8F729FD7A /* [CP] Embed Pods Frameworks */,
			);
			buildRules = (
			);
			dependencies = (
				987DA0C222D663E700F34BD3 /* PBXTargetDependency */,
			);
			name = LDLARadioTests;
			productName = LDLARadioTests;
			productReference = 987DA0BC22D663E700F34BD3 /* LDLARadioTests.xctest */;
			productType = "com.apple.product-type.bundle.unit-test";
		};
/* End PBXNativeTarget section */

/* Begin PBXProject section */
		428139E61CE44B7300972264 /* Project object */ = {
			isa = PBXProject;
			attributes = {
				LastSwiftUpdateCheck = 1020;
				LastUpgradeCheck = 1020;
				ORGANIZATIONNAME = "Apple Inc.";
				TargetAttributes = {
					428139ED1CE44B7300972264 = {
						CreatedOnToolsVersion = 7.3.1;
						DevelopmentTeam = 27XTSJS68A;
						LastSwiftMigration = 0930;
						LastSwiftUpdateCheck = 0800;
						ProvisioningStyle = Automatic;
						SystemCapabilities = {
							com.apple.BackgroundModes = {
								enabled = 1;
							};
						};
					};
					987DA0BB22D663E700F34BD3 = {
						CreatedOnToolsVersion = 10.2.1;
						DevelopmentTeam = 27XTSJS68A;
						ProvisioningStyle = Automatic;
						TestTargetID = 428139ED1CE44B7300972264;
					};
				};
			};
			buildConfigurationList = 428139E91CE44B7300972264 /* Build configuration list for PBXProject "LDLARadio" */;
			compatibilityVersion = "Xcode 3.2";
			developmentRegion = en;
			hasScannedForEncodings = 0;
			knownRegions = (
				en,
				Base,
			);
			mainGroup = 428139E51CE44B7300972264;
			productRefGroup = 428139EF1CE44B7300972264 /* Products */;
			projectDirPath = "";
			projectRoot = "";
			targets = (
				428139ED1CE44B7300972264 /* LDLARadio */,
				987DA0BB22D663E700F34BD3 /* LDLARadioTests */,
			);
		};
/* End PBXProject section */

/* Begin PBXResourcesBuildPhase section */
		428139EC1CE44B7300972264 /* Resources */ = {
			isa = PBXResourcesBuildPhase;
			buildActionMask = 2147483647;
			files = (
				428139F91CE44B7300972264 /* Assets.xcassets in Resources */,
				98195FA122D81B2D006E7961 /* fontawesome-webfont.ttf in Resources */,
				703373A41E28343600E6D458 /* Settings.bundle in Resources */,
				98195FAB22D845C2006E7961 /* quotes2.json in Resources */,
				70D4EC051E3064EA008DE753 /* LDLARadio.html in Resources */,
				70D4EC041E304A9B008DE753 /* common.css in Resources */,
				428139F71CE44B7300972264 /* Main.storyboard in Resources */,
			);
			runOnlyForDeploymentPostprocessing = 0;
		};
		987DA0BA22D663E700F34BD3 /* Resources */ = {
			isa = PBXResourcesBuildPhase;
			buildActionMask = 2147483647;
			files = (
			);
			runOnlyForDeploymentPostprocessing = 0;
		};
/* End PBXResourcesBuildPhase section */

/* Begin PBXShellScriptBuildPhase section */
		1D70034A3E68E4E79F1A80B7 /* [CP] Check Pods Manifest.lock */ = {
			isa = PBXShellScriptBuildPhase;
			buildActionMask = 2147483647;
			files = (
			);
			inputFileListPaths = (
			);
			inputPaths = (
				"${PODS_PODFILE_DIR_PATH}/Podfile.lock",
				"${PODS_ROOT}/Manifest.lock",
			);
			name = "[CP] Check Pods Manifest.lock";
			outputFileListPaths = (
			);
			outputPaths = (
				"$(DERIVED_FILE_DIR)/Pods-LDLARadioTests-checkManifestLockResult.txt",
			);
			runOnlyForDeploymentPostprocessing = 0;
			shellPath = /bin/sh;
			shellScript = "diff \"${PODS_PODFILE_DIR_PATH}/Podfile.lock\" \"${PODS_ROOT}/Manifest.lock\" > /dev/null\nif [ $? != 0 ] ; then\n    # print error to STDERR\n    echo \"error: The sandbox is not in sync with the Podfile.lock. Run 'pod install' or update your CocoaPods installation.\" >&2\n    exit 1\nfi\n# This output is used by Xcode 'outputs' to avoid re-running this script phase.\necho \"SUCCESS\" > \"${SCRIPT_OUTPUT_FILE_0}\"\n";
			showEnvVarsInLog = 0;
		};
		6CE87B9F3FBDAB5D9DC48DC1 /* [CP] Embed Pods Frameworks */ = {
			isa = PBXShellScriptBuildPhase;
			buildActionMask = 2147483647;
			files = (
			);
			inputPaths = (
				"${PODS_ROOT}/Target Support Files/Pods-LDLARadio/Pods-LDLARadio-frameworks.sh",
				"${BUILT_PRODUCTS_DIR}/Alamofire/Alamofire.framework",
				"${BUILT_PRODUCTS_DIR}/AlamofireCoreData/AlamofireCoreData.framework",
				"${BUILT_PRODUCTS_DIR}/AlamofireImage/AlamofireImage.framework",
				"${BUILT_PRODUCTS_DIR}/Groot/Groot.framework",
				"${BUILT_PRODUCTS_DIR}/JFCore/JFCore.framework",
				"${BUILT_PRODUCTS_DIR}/SwiftSpinner/SwiftSpinner.framework",
			);
			name = "[CP] Embed Pods Frameworks";
			outputPaths = (
				"${TARGET_BUILD_DIR}/${FRAMEWORKS_FOLDER_PATH}/Alamofire.framework",
				"${TARGET_BUILD_DIR}/${FRAMEWORKS_FOLDER_PATH}/AlamofireCoreData.framework",
				"${TARGET_BUILD_DIR}/${FRAMEWORKS_FOLDER_PATH}/AlamofireImage.framework",
				"${TARGET_BUILD_DIR}/${FRAMEWORKS_FOLDER_PATH}/Groot.framework",
				"${TARGET_BUILD_DIR}/${FRAMEWORKS_FOLDER_PATH}/JFCore.framework",
				"${TARGET_BUILD_DIR}/${FRAMEWORKS_FOLDER_PATH}/SwiftSpinner.framework",
			);
			runOnlyForDeploymentPostprocessing = 0;
			shellPath = /bin/sh;
			shellScript = "\"${PODS_ROOT}/Target Support Files/Pods-LDLARadio/Pods-LDLARadio-frameworks.sh\"\n";
			showEnvVarsInLog = 0;
		};
		7E4195A1384A60A4C5463141 /* [CP] Check Pods Manifest.lock */ = {
			isa = PBXShellScriptBuildPhase;
			buildActionMask = 2147483647;
			files = (
			);
			inputPaths = (
				"${PODS_PODFILE_DIR_PATH}/Podfile.lock",
				"${PODS_ROOT}/Manifest.lock",
			);
			name = "[CP] Check Pods Manifest.lock";
			outputPaths = (
				"$(DERIVED_FILE_DIR)/Pods-LDLARadio-checkManifestLockResult.txt",
			);
			runOnlyForDeploymentPostprocessing = 0;
			shellPath = /bin/sh;
			shellScript = "diff \"${PODS_PODFILE_DIR_PATH}/Podfile.lock\" \"${PODS_ROOT}/Manifest.lock\" > /dev/null\nif [ $? != 0 ] ; then\n    # print error to STDERR\n    echo \"error: The sandbox is not in sync with the Podfile.lock. Run 'pod install' or update your CocoaPods installation.\" >&2\n    exit 1\nfi\n# This output is used by Xcode 'outputs' to avoid re-running this script phase.\necho \"SUCCESS\" > \"${SCRIPT_OUTPUT_FILE_0}\"\n";
			showEnvVarsInLog = 0;
		};
		CDAA705B651B01B8F729FD7A /* [CP] Embed Pods Frameworks */ = {
			isa = PBXShellScriptBuildPhase;
			buildActionMask = 2147483647;
			files = (
			);
			inputFileListPaths = (
			);
			inputPaths = (
				"${PODS_ROOT}/Target Support Files/Pods-LDLARadioTests/Pods-LDLARadioTests-frameworks.sh",
				"${BUILT_PRODUCTS_DIR}/Alamofire/Alamofire.framework",
				"${BUILT_PRODUCTS_DIR}/AlamofireCoreData/AlamofireCoreData.framework",
				"${BUILT_PRODUCTS_DIR}/Groot/Groot.framework",
				"${BUILT_PRODUCTS_DIR}/JFCore/JFCore.framework",
			);
			name = "[CP] Embed Pods Frameworks";
			outputFileListPaths = (
			);
			outputPaths = (
				"${TARGET_BUILD_DIR}/${FRAMEWORKS_FOLDER_PATH}/Alamofire.framework",
				"${TARGET_BUILD_DIR}/${FRAMEWORKS_FOLDER_PATH}/AlamofireCoreData.framework",
				"${TARGET_BUILD_DIR}/${FRAMEWORKS_FOLDER_PATH}/Groot.framework",
				"${TARGET_BUILD_DIR}/${FRAMEWORKS_FOLDER_PATH}/JFCore.framework",
			);
			runOnlyForDeploymentPostprocessing = 0;
			shellPath = /bin/sh;
			shellScript = "\"${PODS_ROOT}/Target Support Files/Pods-LDLARadioTests/Pods-LDLARadioTests-frameworks.sh\"\n";
			showEnvVarsInLog = 0;
		};
/* End PBXShellScriptBuildPhase section */

/* Begin PBXSourcesBuildPhase section */
		428139EA1CE44B7300972264 /* Sources */ = {
			isa = PBXSourcesBuildPhase;
			buildActionMask = 2147483647;
			files = (
				98195FBB22DBB944006E7961 /* RestApi.swift in Sources */,
				987DA0B322D6464500F34BD3 /* CityListManager.swift in Sources */,
				9808511B22E6D7040013B67C /* City+.swift in Sources */,
				9808511322E6A1C10013B67C /* BaseAudioViewController.swift in Sources */,
				424BF6CD1CEFB5ED0098BB15 /* StreamPlaybackManager.swift in Sources */,
				425DD0A51D0D146900F96325 /* Stream+.swift in Sources */,
				9808511522E6A7910013B67C /* RadioTimeViewController.swift in Sources */,
				98195FB322DA2F53006E7961 /* RTCatalog+.swift in Sources */,
				98195FA922D83664006E7961 /* Quote+.swift in Sources */,
				9808510B22E638D90013B67C /* Date+.swift in Sources */,
				98195FAF22D9F142006E7961 /* CatalogTableViewCell.swift in Sources */,
				42813A061CE44F9700972264 /* StreamPersistenceManager.swift in Sources */,
				421AAB661CE4FCCB007444CA /* RadioViewController.swift in Sources */,
				98195FB122D9F1FD006E7961 /* CatalogViewModel.swift in Sources */,
				9808512122E6DD370013B67C /* RNADial+.swift in Sources */,
				703373AA1E291DF600E6D458 /* WebViewController.swift in Sources */,
				9808512B22E782C40013B67C /* RNABand+.swift in Sources */,
				98195FA322D81B55006E7961 /* Commons.swift in Sources */,
				98C7DD7F22DFBAC40025B437 /* CatalogTableViewModel.swift in Sources */,
				9808512322E6DE330013B67C /* RNAViewController.swift in Sources */,
				9808511F22E6DA950013B67C /* StreamListManager.swift in Sources */,
				9808512922E7513F0013B67C /* RNACurrentProgram+.swift in Sources */,
				9824386A22DCFD6400B418F9 /* AudioViewModel.swift in Sources */,
				98195FB522DA658D006E7961 /* RTCatalogController.swift in Sources */,
				9808512522E6DE520013B67C /* RNAController.swift in Sources */,
				9808511122E69D990013B67C /* BaseController.swift in Sources */,
				987DA0B422D6464800F34BD3 /* StationListManager.swift in Sources */,
				428139F21CE44B7300972264 /* AppDelegate.swift in Sources */,
				9808512722E6E6640013B67C /* RNAStation+.swift in Sources */,
				987DA0B222D639BD00F34BD3 /* LDLARadio.xcdatamodeld in Sources */,
				9808510922E61E650013B67C /* AudioController.swift in Sources */,
				426CB1A01D054A3F0044B8A7 /* AudioTableViewCell.swift in Sources */,
				9808512D22E7A2DD0013B67C /* RNAProgram+.swift in Sources */,
				9808510F22E691F10013B67C /* String+.swift in Sources */,
				9808511D22E6D7410013B67C /* Station+.swift in Sources */,
			);
			runOnlyForDeploymentPostprocessing = 0;
		};
		987DA0B822D663E700F34BD3 /* Sources */ = {
			isa = PBXSourcesBuildPhase;
			buildActionMask = 2147483647;
			files = (
				98195FBA22DB85F4006E7961 /* RestApi.swift in Sources */,
				98C7DD7D22DDEC030025B437 /* RNATests.swift in Sources */,
				98195FB722DB7C21006E7961 /* RTCatalogTests.swift in Sources */,
				987DA0C622D664E400F34BD3 /* LDLARadio.xcdatamodeld in Sources */,
				98195FBD22DBFBFE006E7961 /* BaseTests.swift in Sources */,
				987DA0BF22D663E700F34BD3 /* LDLARadioTests.swift in Sources */,
				98C7DD7B22DD65050025B437 /* RTCatalog+.swift in Sources */,
			);
			runOnlyForDeploymentPostprocessing = 0;
		};
/* End PBXSourcesBuildPhase section */

/* Begin PBXTargetDependency section */
		987DA0C222D663E700F34BD3 /* PBXTargetDependency */ = {
			isa = PBXTargetDependency;
			target = 428139ED1CE44B7300972264 /* LDLARadio */;
			targetProxy = 987DA0C122D663E700F34BD3 /* PBXContainerItemProxy */;
		};
/* End PBXTargetDependency section */

/* Begin PBXVariantGroup section */
		428139F51CE44B7300972264 /* Main.storyboard */ = {
			isa = PBXVariantGroup;
			children = (
				428139F61CE44B7300972264 /* Base */,
			);
			name = Main.storyboard;
			sourceTree = "<group>";
		};
		70D4EC071E3064EA008DE753 /* LDLARadio.html */ = {
			isa = PBXVariantGroup;
			children = (
				7A6DA202209754560004126A /* en */,
			);
			name = LDLARadio.html;
			sourceTree = "<group>";
		};
/* End PBXVariantGroup section */

/* Begin XCBuildConfiguration section */
		428139FE1CE44B7300972264 /* Debug */ = {
			isa = XCBuildConfiguration;
			buildSettings = {
				ALWAYS_SEARCH_USER_PATHS = NO;
				CLANG_ANALYZER_LOCALIZABILITY_NONLOCALIZED = YES;
				CLANG_ANALYZER_NONNULL = YES;
				CLANG_CXX_LANGUAGE_STANDARD = "gnu++0x";
				CLANG_CXX_LIBRARY = "libc++";
				CLANG_ENABLE_MODULES = YES;
				CLANG_ENABLE_OBJC_ARC = YES;
				CLANG_WARN_BLOCK_CAPTURE_AUTORELEASING = YES;
				CLANG_WARN_BOOL_CONVERSION = YES;
				CLANG_WARN_COMMA = YES;
				CLANG_WARN_CONSTANT_CONVERSION = YES;
				CLANG_WARN_DEPRECATED_OBJC_IMPLEMENTATIONS = YES;
				CLANG_WARN_DIRECT_OBJC_ISA_USAGE = YES_ERROR;
				CLANG_WARN_EMPTY_BODY = YES;
				CLANG_WARN_ENUM_CONVERSION = YES;
				CLANG_WARN_INFINITE_RECURSION = YES;
				CLANG_WARN_INT_CONVERSION = YES;
				CLANG_WARN_NON_LITERAL_NULL_CONVERSION = YES;
				CLANG_WARN_OBJC_IMPLICIT_RETAIN_SELF = YES;
				CLANG_WARN_OBJC_LITERAL_CONVERSION = YES;
				CLANG_WARN_OBJC_ROOT_CLASS = YES_ERROR;
				CLANG_WARN_RANGE_LOOP_ANALYSIS = YES;
				CLANG_WARN_STRICT_PROTOTYPES = YES;
				CLANG_WARN_SUSPICIOUS_MOVE = YES;
				CLANG_WARN_UNREACHABLE_CODE = YES;
				CLANG_WARN__DUPLICATE_METHOD_MATCH = YES;
				"CODE_SIGN_IDENTITY[sdk=iphoneos*]" = "iPhone Developer";
				COPY_PHASE_STRIP = NO;
				DEBUG_INFORMATION_FORMAT = dwarf;
				ENABLE_BITCODE = NO;
				ENABLE_STRICT_OBJC_MSGSEND = YES;
				ENABLE_TESTABILITY = YES;
				GCC_C_LANGUAGE_STANDARD = gnu99;
				GCC_DYNAMIC_NO_PIC = NO;
				GCC_NO_COMMON_BLOCKS = YES;
				GCC_OPTIMIZATION_LEVEL = 0;
				GCC_PREPROCESSOR_DEFINITIONS = (
					"DEBUG=1",
					"$(inherited)",
				);
				GCC_WARN_64_TO_32_BIT_CONVERSION = YES;
				GCC_WARN_ABOUT_RETURN_TYPE = YES_ERROR;
				GCC_WARN_UNDECLARED_SELECTOR = YES;
				GCC_WARN_UNINITIALIZED_AUTOS = YES_AGGRESSIVE;
				GCC_WARN_UNUSED_FUNCTION = YES;
				GCC_WARN_UNUSED_VARIABLE = YES;
				IPHONEOS_DEPLOYMENT_TARGET = 10.0;
				MTL_ENABLE_DEBUG_INFO = YES;
				ONLY_ACTIVE_ARCH = YES;
				SDKROOT = iphoneos;
				SWIFT_OPTIMIZATION_LEVEL = "-Onone";
				SWIFT_VERSION = 5.0;
				TARGETED_DEVICE_FAMILY = "1,2";
			};
			name = Debug;
		};
		428139FF1CE44B7300972264 /* Release */ = {
			isa = XCBuildConfiguration;
			buildSettings = {
				ALWAYS_SEARCH_USER_PATHS = NO;
				CLANG_ANALYZER_LOCALIZABILITY_NONLOCALIZED = YES;
				CLANG_ANALYZER_NONNULL = YES;
				CLANG_CXX_LANGUAGE_STANDARD = "gnu++0x";
				CLANG_CXX_LIBRARY = "libc++";
				CLANG_ENABLE_MODULES = YES;
				CLANG_ENABLE_OBJC_ARC = YES;
				CLANG_WARN_BLOCK_CAPTURE_AUTORELEASING = YES;
				CLANG_WARN_BOOL_CONVERSION = YES;
				CLANG_WARN_COMMA = YES;
				CLANG_WARN_CONSTANT_CONVERSION = YES;
				CLANG_WARN_DEPRECATED_OBJC_IMPLEMENTATIONS = YES;
				CLANG_WARN_DIRECT_OBJC_ISA_USAGE = YES_ERROR;
				CLANG_WARN_EMPTY_BODY = YES;
				CLANG_WARN_ENUM_CONVERSION = YES;
				CLANG_WARN_INFINITE_RECURSION = YES;
				CLANG_WARN_INT_CONVERSION = YES;
				CLANG_WARN_NON_LITERAL_NULL_CONVERSION = YES;
				CLANG_WARN_OBJC_IMPLICIT_RETAIN_SELF = YES;
				CLANG_WARN_OBJC_LITERAL_CONVERSION = YES;
				CLANG_WARN_OBJC_ROOT_CLASS = YES_ERROR;
				CLANG_WARN_RANGE_LOOP_ANALYSIS = YES;
				CLANG_WARN_STRICT_PROTOTYPES = YES;
				CLANG_WARN_SUSPICIOUS_MOVE = YES;
				CLANG_WARN_UNREACHABLE_CODE = YES;
				CLANG_WARN__DUPLICATE_METHOD_MATCH = YES;
				"CODE_SIGN_IDENTITY[sdk=iphoneos*]" = "iPhone Developer";
				COPY_PHASE_STRIP = NO;
				DEBUG_INFORMATION_FORMAT = "dwarf-with-dsym";
				ENABLE_BITCODE = NO;
				ENABLE_NS_ASSERTIONS = NO;
				ENABLE_STRICT_OBJC_MSGSEND = YES;
				GCC_C_LANGUAGE_STANDARD = gnu99;
				GCC_NO_COMMON_BLOCKS = YES;
				GCC_WARN_64_TO_32_BIT_CONVERSION = YES;
				GCC_WARN_ABOUT_RETURN_TYPE = YES_ERROR;
				GCC_WARN_UNDECLARED_SELECTOR = YES;
				GCC_WARN_UNINITIALIZED_AUTOS = YES_AGGRESSIVE;
				GCC_WARN_UNUSED_FUNCTION = YES;
				GCC_WARN_UNUSED_VARIABLE = YES;
				IPHONEOS_DEPLOYMENT_TARGET = 10.0;
				MTL_ENABLE_DEBUG_INFO = NO;
				SDKROOT = iphoneos;
				SWIFT_VERSION = 5.0;
				TARGETED_DEVICE_FAMILY = "1,2";
				VALIDATE_PRODUCT = YES;
			};
			name = Release;
		};
		42813A011CE44B7300972264 /* Debug */ = {
			isa = XCBuildConfiguration;
			baseConfigurationReference = 47F749A1AD4E4959FB881877 /* Pods-LDLARadio.debug.xcconfig */;
			buildSettings = {
				ALWAYS_EMBED_SWIFT_STANDARD_LIBRARIES = YES;
				ASSETCATALOG_COMPILER_APPICON_NAME = AppIcon;
				ASSETCATALOG_COMPILER_LAUNCHIMAGE_NAME = LaunchImage;
				CLANG_ENABLE_MODULES = YES;
				CODE_SIGN_IDENTITY = "iPhone Developer";
				"CODE_SIGN_IDENTITY[sdk=iphoneos*]" = "iPhone Developer";
				DEVELOPMENT_TEAM = 27XTSJS68A;
				INFOPLIST_FILE = LDLARadio/Info.plist;
				IPHONEOS_DEPLOYMENT_TARGET = 12.0;
				LD_RUNPATH_SEARCH_PATHS = "$(inherited) @executable_path/Frameworks";
				PRODUCT_BUNDLE_IDENTIFIER = com.mobilepatagonia.LDLARadio;
				PRODUCT_NAME = "$(TARGET_NAME)";
				PROVISIONING_PROFILE_SPECIFIER = "";
				SWIFT_ENFORCE_EXCLUSIVE_ACCESS = none;
				SWIFT_OPTIMIZATION_LEVEL = "-Onone";
				SWIFT_SWIFT3_OBJC_INFERENCE = On;
				SWIFT_VERSION = 5.0;
			};
			name = Debug;
		};
		42813A021CE44B7300972264 /* Release */ = {
			isa = XCBuildConfiguration;
			baseConfigurationReference = 7EAAF7AFF51F030A534694AA /* Pods-LDLARadio.release.xcconfig */;
			buildSettings = {
				ALWAYS_EMBED_SWIFT_STANDARD_LIBRARIES = YES;
				ASSETCATALOG_COMPILER_APPICON_NAME = AppIcon;
				ASSETCATALOG_COMPILER_LAUNCHIMAGE_NAME = LaunchImage;
				CLANG_ENABLE_MODULES = YES;
				CODE_SIGN_IDENTITY = "iPhone Developer";
				"CODE_SIGN_IDENTITY[sdk=iphoneos*]" = "iPhone Developer";
				DEVELOPMENT_TEAM = 27XTSJS68A;
				INFOPLIST_FILE = LDLARadio/Info.plist;
				IPHONEOS_DEPLOYMENT_TARGET = 12.0;
				LD_RUNPATH_SEARCH_PATHS = "$(inherited) @executable_path/Frameworks";
				PRODUCT_BUNDLE_IDENTIFIER = com.mobilepatagonia.LDLARadio;
				PRODUCT_NAME = "$(TARGET_NAME)";
				PROVISIONING_PROFILE_SPECIFIER = "";
				SWIFT_ENFORCE_EXCLUSIVE_ACCESS = none;
				SWIFT_OPTIMIZATION_LEVEL = "-Owholemodule";
				SWIFT_SWIFT3_OBJC_INFERENCE = On;
				SWIFT_VERSION = 5.0;
			};
			name = Release;
		};
		987DA0C422D663E700F34BD3 /* Debug */ = {
			isa = XCBuildConfiguration;
			baseConfigurationReference = 0FE7D9B5057B5AF2DC72259D /* Pods-LDLARadioTests.debug.xcconfig */;
			buildSettings = {
				BUNDLE_LOADER = "$(TEST_HOST)";
				CLANG_ANALYZER_NUMBER_OBJECT_CONVERSION = YES_AGGRESSIVE;
				CLANG_CXX_LANGUAGE_STANDARD = "gnu++14";
				CLANG_ENABLE_OBJC_WEAK = YES;
				CLANG_WARN_DOCUMENTATION_COMMENTS = YES;
				CLANG_WARN_UNGUARDED_AVAILABILITY = YES_AGGRESSIVE;
				CODE_SIGN_IDENTITY = "iPhone Developer";
				CODE_SIGN_STYLE = Automatic;
				DEVELOPMENT_TEAM = 27XTSJS68A;
				GCC_C_LANGUAGE_STANDARD = gnu11;
				INFOPLIST_FILE = LDLARadioTests/Info.plist;
				IPHONEOS_DEPLOYMENT_TARGET = 12.0;
				LD_RUNPATH_SEARCH_PATHS = "$(inherited) @executable_path/Frameworks @loader_path/Frameworks";
				MTL_ENABLE_DEBUG_INFO = INCLUDE_SOURCE;
				MTL_FAST_MATH = YES;
				PRODUCT_BUNDLE_IDENTIFIER = com.mobilepatagonia.LDLARadioTests;
				PRODUCT_NAME = "$(TARGET_NAME)";
				SWIFT_ACTIVE_COMPILATION_CONDITIONS = DEBUG;
				SWIFT_INSTALL_OBJC_HEADER = YES;
				SWIFT_PRECOMPILE_BRIDGING_HEADER = YES;
				SWIFT_VERSION = 5.0;
				TARGETED_DEVICE_FAMILY = "1,2";
				TEST_HOST = "$(BUILT_PRODUCTS_DIR)/LDLARadio.app/LDLARadio";
			};
			name = Debug;
		};
		987DA0C522D663E700F34BD3 /* Release */ = {
			isa = XCBuildConfiguration;
			baseConfigurationReference = 41A5E03699C4A53519AD1FFC /* Pods-LDLARadioTests.release.xcconfig */;
			buildSettings = {
				BUNDLE_LOADER = "$(TEST_HOST)";
				CLANG_ANALYZER_NUMBER_OBJECT_CONVERSION = YES_AGGRESSIVE;
				CLANG_CXX_LANGUAGE_STANDARD = "gnu++14";
				CLANG_ENABLE_OBJC_WEAK = YES;
				CLANG_WARN_DOCUMENTATION_COMMENTS = YES;
				CLANG_WARN_UNGUARDED_AVAILABILITY = YES_AGGRESSIVE;
				CODE_SIGN_IDENTITY = "iPhone Developer";
				CODE_SIGN_STYLE = Automatic;
				DEVELOPMENT_TEAM = 27XTSJS68A;
				GCC_C_LANGUAGE_STANDARD = gnu11;
				INFOPLIST_FILE = LDLARadioTests/Info.plist;
				IPHONEOS_DEPLOYMENT_TARGET = 12.0;
				LD_RUNPATH_SEARCH_PATHS = "$(inherited) @executable_path/Frameworks @loader_path/Frameworks";
				MTL_FAST_MATH = YES;
				PRODUCT_BUNDLE_IDENTIFIER = com.mobilepatagonia.LDLARadioTests;
				PRODUCT_NAME = "$(TARGET_NAME)";
				SWIFT_INSTALL_OBJC_HEADER = YES;
				SWIFT_OPTIMIZATION_LEVEL = "-Owholemodule";
				SWIFT_PRECOMPILE_BRIDGING_HEADER = YES;
				SWIFT_VERSION = 5.0;
				TARGETED_DEVICE_FAMILY = "1,2";
				TEST_HOST = "$(BUILT_PRODUCTS_DIR)/LDLARadio.app/LDLARadio";
			};
			name = Release;
		};
/* End XCBuildConfiguration section */

/* Begin XCConfigurationList section */
		428139E91CE44B7300972264 /* Build configuration list for PBXProject "LDLARadio" */ = {
			isa = XCConfigurationList;
			buildConfigurations = (
				428139FE1CE44B7300972264 /* Debug */,
				428139FF1CE44B7300972264 /* Release */,
			);
			defaultConfigurationIsVisible = 0;
			defaultConfigurationName = Release;
		};
		42813A001CE44B7300972264 /* Build configuration list for PBXNativeTarget "LDLARadio" */ = {
			isa = XCConfigurationList;
			buildConfigurations = (
				42813A011CE44B7300972264 /* Debug */,
				42813A021CE44B7300972264 /* Release */,
			);
			defaultConfigurationIsVisible = 0;
			defaultConfigurationName = Release;
		};
		987DA0C322D663E700F34BD3 /* Build configuration list for PBXNativeTarget "LDLARadioTests" */ = {
			isa = XCConfigurationList;
			buildConfigurations = (
				987DA0C422D663E700F34BD3 /* Debug */,
				987DA0C522D663E700F34BD3 /* Release */,
			);
			defaultConfigurationIsVisible = 0;
			defaultConfigurationName = Release;
		};
/* End XCConfigurationList section */

/* Begin XCVersionGroup section */
		987DA0B022D639BD00F34BD3 /* LDLARadio.xcdatamodeld */ = {
			isa = XCVersionGroup;
			children = (
				987DA0B122D639BD00F34BD3 /* Model.xcdatamodel */,
			);
			currentVersion = 987DA0B122D639BD00F34BD3 /* Model.xcdatamodel */;
			path = LDLARadio.xcdatamodeld;
			sourceTree = "<group>";
			versionGroupType = wrapper.xcdatamodel;
		};
/* End XCVersionGroup section */
	};
	rootObject = 428139E61CE44B7300972264 /* Project object */;
}
